
Microsoft Visual Studio Solution File, Format Version 12.00
# Visual Studio 15
VisualStudioVersion = 15.0.28010.2036
MinimumVisualStudioVersion = 10.0.40219.1
Project("{FAE04EC0-301F-11D3-BF4B-00C04F79EFBC}") = "MVC_application", "MVC_application\MVC_application.csproj", "{91020DD1-0C65-4479-8E10-2979B3FB8F61}"
EndProject
Global
	GlobalSection(SolutionConfigurationPlatforms) = preSolution
		Debug|Any CPU = Debug|Any CPU
		Release|Any CPU = Release|Any CPU
	EndGlobalSection
	GlobalSection(ProjectConfigurationPlatforms) = postSolution
		{91020DD1-0C65-4479-8E10-2979B3FB8F61}.Debug|Any CPU.ActiveCfg = Debug|Any CPU
		{91020DD1-0C65-4479-8E10-2979B3FB8F61}.Debug|Any CPU.Build.0 = Debug|Any CPU
		{91020DD1-0C65-4479-8E10-2979B3FB8F61}.Release|Any CPU.ActiveCfg = Release|Any CPU
		{91020DD1-0C65-4479-8E10-2979B3FB8F61}.Release|Any CPU.Build.0 = Release|Any CPU
	EndGlobalSection
	GlobalSection(SolutionProperties) = preSolution
		HideSolutionNode = FALSE
	EndGlobalSection
	GlobalSection(ExtensibilityGlobals) = postSolution
		SolutionGuid = {6F41FDFB-CC8A-4805-B7CA-426CDFE78568}
	EndGlobalSection
EndGlobal
